
Microsoft Visual Studio Solution File, Format Version 12.00
# Visual Studio Version 16
VisualStudioVersion = 16.0.29409.12
MinimumVisualStudioVersion = 10.0.40219.1
Project("{FAE04EC0-301F-11D3-BF4B-00C04F79EFBC}") = "CrudImport", "CrudImport.csproj", "{7421390D-DDB7-462A-A133-FC68E9EEFD15}"
EndProject
Global
	GlobalSection(SolutionConfigurationPlatforms) = preSolution
		Debug|Any CPU = Debug|Any CPU
		Release|Any CPU = Release|Any CPU
	EndGlobalSection
	GlobalSection(ProjectConfigurationPlatforms) = postSolution
		{7421390D-DDB7-462A-A133-FC68E9EEFD15}.Debug|Any CPU.ActiveCfg = Debug|Any CPU
		{7421390D-DDB7-462A-A133-FC68E9EEFD15}.Debug|Any CPU.Build.0 = Debug|Any CPU
		{7421390D-DDB7-462A-A133-FC68E9EEFD15}.Release|Any CPU.ActiveCfg = Release|Any CPU
		{7421390D-DDB7-462A-A133-FC68E9EEFD15}.Release|Any CPU.Build.0 = Release|Any CPU
	EndGlobalSection
	GlobalSection(SolutionProperties) = preSolution
		HideSolutionNode = FALSE
	EndGlobalSection
	GlobalSection(ExtensibilityGlobals) = postSolution
		SolutionGuid = {B70188CB-0A94-48D9-B776-74A25E322B80}
	EndGlobalSection
EndGlobal
